---
lockfileVersion: '9.0'

importers:

  .:
    configDependencies: {}
    packageManagerDependencies:
      '@pnpm/exe':
        specifier: ^11.2.2
        version: 11.5.2
      pnpm:
        specifier: ^11.2.2
        version: 11.5.2

packages:

  '@pnpm/exe@11.5.2':
    resolution: {integrity: sha512-4UFnP2rhNu1xjAQ+I1GdIUUEtCJuTYJlbpiWSFA4POAID3Lpt+2vrjImWO7eOJ7iCY3vpc4TFe2IW3sAolW4Kg==}
    hasBin: true

  '@pnpm/linux-arm64@11.5.2':
    resolution: {integrity: sha512-MbJySnu2y9cCBqlODLjUlZ87JnRC3Inq40rvGHWJSrSQ0PnuHeSw2NDMnLI8Hf9hCY+ooussRc5iiR4IAkjUvg==}
    cpu: [arm64]
    os: [linux]

  '@pnpm/linux-x64@11.5.2':
    resolution: {integrity: sha512-g6g2BGpQA47wUACy6B1MdeSHPtnl6x4AeCg0IOWQ7xXorEtC+VRiSHhLpA5kByFGeSwyYh/nLc7mLul5DAaELw==}
    cpu: [x64]
    os: [linux]

  '@pnpm/linuxstatic-arm64@11.5.2':
    resolution: {integrity: sha512-xTxs9BLxYW39BPNGnmvYCUBnMPWm4mzmzujmdYbpRxDnBXrx55qPR5K/3LSohX7VrmsdDrYxuH6AmG1AaOlIfA==}
    cpu: [arm64]
    os: [linux]
    libc: [musl]

  '@pnpm/linuxstatic-x64@11.5.2':
    resolution: {integrity: sha512-RGmmc/SoGLD90gmOHcU85UEKNoNRstLvizli4wzDASmETz/VeqJOqU5nD1YBgjzcP72sUMS352dh4bmzTfKyvQ==}
    cpu: [x64]
    os: [linux]
    libc: [musl]

  '@pnpm/macos-arm64@11.5.2':
    resolution: {integrity: sha512-gW3A2jRlC3SJRw8qX2SAzjMIu9o98daTSqCKzeeYcjF/uEbtbz3dn4HqYrYffBnenKbc4hsgZQmNOHAvUKIlSg==}
    cpu: [arm64]
    os: [darwin]

  '@pnpm/win-arm64@11.5.2':
    resolution: {integrity: sha512-+VJCDoH/pRzLXBikwjvxgAnGfQufT8EALBX8cfSmrwD40JABUZvgPtjBjde7OwEoK/XwtlH8w+ZceFV0K3/YHQ==}
    cpu: [arm64]
    os: [win32]

  '@pnpm/win-x64@11.5.2':
    resolution: {integrity: sha512-zgglREh75RbFgV/E0tNRS03ElX+hJOV43KRSSeaboxtj3ei1rrguxOgOCXUs/GsizoHVsuD+qXGABE4Kc4GMCg==}
    cpu: [x64]
    os: [win32]

  '@reflink/reflink-darwin-arm64@0.1.19':
    resolution: {integrity: sha512-ruy44Lpepdk1FqDz38vExBY/PVUsjxZA+chd9wozjUH9JjuDT/HEaQYA6wYN9mf041l0yLVar6BCZuWABJvHSA==}
    engines: {node: '>= 10'}
    cpu: [arm64]
    os: [darwin]

  '@reflink/reflink-darwin-x64@0.1.19':
    resolution: {integrity: sha512-By85MSWrMZa+c26TcnAy8SDk0sTUkYlNnwknSchkhHpGXOtjNDUOxJE9oByBnGbeuIE1PiQsxDG3Ud+IVV9yuA==}
    engines: {node: '>= 10'}
    cpu: [x64]
    os: [darwin]

  '@reflink/reflink-linux-arm64-gnu@0.1.19':
    resolution: {integrity: sha512-7P+er8+rP9iNeN+bfmccM4hTAaLP6PQJPKWSA4iSk2bNvo6KU6RyPgYeHxXmzNKzPVRcypZQTpFgstHam6maVg==}
    engines: {node: '>= 10'}
    cpu: [arm64]
    os: [linux]
    libc: [glibc]

  '@reflink/reflink-linux-arm64-musl@0.1.19':
    resolution: {integrity: sha512-37iO/Dp6m5DDaC2sf3zPtx/hl9FV3Xze4xoYidrxxS9bgP3S8ALroxRK6xBG/1TtfXKTvolvp+IjrUU6ujIGmA==}
    engines: {node: '>= 10'}
    cpu: [arm64]
    os: [linux]
    libc: [musl]

  '@reflink/reflink-linux-x64-gnu@0.1.19':
    resolution: {integrity: sha512-jbI8jvuYCaA3MVUdu8vLoLAFqC+iNMpiSuLbxlAgg7x3K5bsS8nOpTRnkLF7vISJ+rVR8W+7ThXlXlUQ93ulkw==}
    engines: {node: '>= 10'}
    cpu: [x64]
    os: [linux]
    libc: [glibc]

  '@reflink/reflink-linux-x64-musl@0.1.19':
    resolution: {integrity: sha512-e9FBWDe+lv7QKAwtKOt6A2W/fyy/aEEfr0g6j/hWzvQcrzHCsz07BNQYlNOjTfeytrtLU7k449H1PI95jA4OjQ==}
    engines: {node: '>= 10'}
    cpu: [x64]
    os: [linux]
    libc: [musl]

  '@reflink/reflink-win32-arm64-msvc@0.1.19':
    resolution: {integrity: sha512-09PxnVIQcd+UOn4WAW73WU6PXL7DwGS6wPlkMhMg2zlHHG65F3vHepOw06HFCq+N42qkaNAc8AKIabWvtk6cIQ==}
    engines: {node: '>= 10'}
    cpu: [arm64]
    os: [win32]

  '@reflink/reflink-win32-x64-msvc@0.1.19':
    resolution: {integrity: sha512-E//yT4ni2SyhwP8JRjVGWr3cbnhWDiPLgnQ66qqaanjjnMiu3O/2tjCPQXlcGc/DEYofpDc9fvhv6tALQsMV9w==}
    engines: {node: '>= 10'}
    cpu: [x64]
    os: [win32]

  '@reflink/reflink@0.1.19':
    resolution: {integrity: sha512-DmCG8GzysnCZ15bres3N5AHCmwBwYgp0As6xjhQ47rAUTUXxJiK+lLUxaGsX3hd/30qUpVElh05PbGuxRPgJwA==}
    engines: {node: '>= 10'}

  detect-libc@2.1.2:
    resolution: {integrity: sha512-Btj2BOOO83o3WyH59e8MgXsxEQVcarkUOpEYrubB0urwnN10yQ364rsiByU11nZlqWYZm05i/of7io4mzihBtQ==}
    engines: {node: '>=8'}

  pnpm@11.5.2:
    resolution: {integrity: sha512-ccYx44IGbvwlYl1c8CkHXeB7YbN/bic1D72Esb2lhkyMGWetwoB3a0XDCnFcA1mjvgj+9C1bsJ4rmQKZeWkpFg==}
    engines: {node: '>=22.13'}
    hasBin: true

snapshots:

  '@pnpm/exe@11.5.2':
    dependencies:
      '@reflink/reflink': 0.1.19
      detect-libc: 2.1.2
    optionalDependencies:
      '@pnpm/linux-arm64': 11.5.2
      '@pnpm/linux-x64': 11.5.2
      '@pnpm/linuxstatic-arm64': 11.5.2
      '@pnpm/linuxstatic-x64': 11.5.2
      '@pnpm/macos-arm64': 11.5.2
      '@pnpm/win-arm64': 11.5.2
      '@pnpm/win-x64': 11.5.2

  '@pnpm/linux-arm64@11.5.2':
    optional: true

  '@pnpm/linux-x64@11.5.2':
    optional: true

  '@pnpm/linuxstatic-arm64@11.5.2':
    optional: true

  '@pnpm/linuxstatic-x64@11.5.2':
    optional: true

  '@pnpm/macos-arm64@11.5.2':
    optional: true

  '@pnpm/win-arm64@11.5.2':
    optional: true

  '@pnpm/win-x64@11.5.2':
    optional: true

  '@reflink/reflink-darwin-arm64@0.1.19':
    optional: true

  '@reflink/reflink-darwin-x64@0.1.19':
    optional: true

  '@reflink/reflink-linux-arm64-gnu@0.1.19':
    optional: true

  '@reflink/reflink-linux-arm64-musl@0.1.19':
    optional: true

  '@reflink/reflink-linux-x64-gnu@0.1.19':
    optional: true

  '@reflink/reflink-linux-x64-musl@0.1.19':
    optional: true

  '@reflink/reflink-win32-arm64-msvc@0.1.19':
    optional: true

  '@reflink/reflink-win32-x64-msvc@0.1.19':
    optional: true

  '@reflink/reflink@0.1.19':
    optionalDependencies:
      '@reflink/reflink-darwin-arm64': 0.1.19
      '@reflink/reflink-darwin-x64': 0.1.19
      '@reflink/reflink-linux-arm64-gnu': 0.1.19
      '@reflink/reflink-linux-arm64-musl': 0.1.19
      '@reflink/reflink-linux-x64-gnu': 0.1.19
      '@reflink/reflink-linux-x64-musl': 0.1.19
      '@reflink/reflink-win32-arm64-msvc': 0.1.19
      '@reflink/reflink-win32-x64-msvc': 0.1.19

  detect-libc@2.1.2: {}

  pnpm@11.5.2: {}

---
lockfileVersion: '9.0'

settings:
  autoInstallPeers: true
  excludeLinksFromLockfile: false

importers:

  .:
    dependencies:
      '@serialport/parser-readline':
        specifier: ^13.0.0
        version: 13.0.0
      serialport:
        specifier: ^13.0.0
        version: 13.0.0

packages:

  '@serialport/binding-mock@10.2.2':
    resolution: {integrity: sha512-HAFzGhk9OuFMpuor7aT5G1ChPgn5qSsklTFOTUX72Rl6p0xwcSVsRtG/xaGp6bxpN7fI9D/S8THLBWbBgS6ldw==}
    engines: {node: '>=12.0.0'}

  '@serialport/bindings-cpp@13.0.0':
    resolution: {integrity: sha512-r25o4Bk/vaO1LyUfY/ulR6hCg/aWiN6Wo2ljVlb4Pj5bqWGcSRC4Vse4a9AcapuAu/FeBzHCbKMvRQeCuKjzIQ==}
    engines: {node: '>=18.0.0'}

  '@serialport/bindings-interface@1.2.2':
    resolution: {integrity: sha512-CJaUd5bLvtM9c5dmO9rPBHPXTa9R2UwpkJ0wdh9JCYcbrPWsKz+ErvR0hBLeo7NPeiFdjFO4sonRljiw4d2XiA==}
    engines: {node: ^12.22 || ^14.13 || >=16}

  '@serialport/parser-byte-length@13.0.0':
    resolution: {integrity: sha512-32yvqeTAqJzAEtX5zCrN1Mej56GJ5h/cVFsCDPbF9S1ZSC9FWjOqNAgtByseHfFTSTs/4ZBQZZcZBpolt8sUng==}
    engines: {node: '>=20.0.0'}

  '@serialport/parser-cctalk@13.0.0':
    resolution: {integrity: sha512-RErAe57g9gvnlieVYGIn1xymb1bzNXb2QtUQd14FpmbQQYlcrmuRnJwKa1BgTCujoCkhtaTtgHlbBWOxm8U2uA==}
    engines: {node: '>=20.0.0'}

  '@serialport/parser-delimiter@12.0.0':
    resolution: {integrity: sha512-gu26tVt5lQoybhorLTPsH2j2LnX3AOP2x/34+DUSTNaUTzu2fBXw+isVjQJpUBFWu6aeQRZw5bJol5X9Gxjblw==}
    engines: {node: '>=12.0.0'}

  '@serialport/parser-delimiter@13.0.0':
    resolution: {integrity: sha512-Qqyb0FX1avs3XabQqNaZSivyVbl/yl0jywImp7ePvfZKLwx7jBZjvL+Hawt9wIG6tfq6zbFM24vzCCK7REMUig==}
    engines: {node: '>=20.0.0'}

  '@serialport/parser-inter-byte-timeout@13.0.0':
    resolution: {integrity: sha512-a0w0WecTW7bD2YHWrpTz1uyiWA2fDNym0kjmPeNSwZ2XCP+JbirZt31l43m2ey6qXItTYVuQBthm75sPVeHnGA==}
    engines: {node: '>=20.0.0'}

  '@serialport/parser-packet-length@13.0.0':
    resolution: {integrity: sha512-60ZDDIqYRi0Xs2SPZUo4Jr5LLIjtb+rvzPKMJCohrO6tAqSDponcNpcB1O4W21mKTxYjqInSz+eMrtk0LLfZIg==}
    engines: {node: '>=8.6.0'}

  '@serialport/parser-readline@12.0.0':
    resolution: {integrity: sha512-O7cywCWC8PiOMvo/gglEBfAkLjp/SENEML46BXDykfKP5mTPM46XMaX1L0waWU6DXJpBgjaL7+yX6VriVPbN4w==}
    engines: {node: '>=12.0.0'}

  '@serialport/parser-readline@13.0.0':
    resolution: {integrity: sha512-dov3zYoyf0dt1Sudd1q42VVYQ4WlliF0MYvAMA3MOyiU1IeG4hl0J6buBA2w4gl3DOCC05tGgLDN/3yIL81gsA==}
    engines: {node: '>=20.0.0'}

  '@serialport/parser-ready@13.0.0':
    resolution: {integrity: sha512-JNUQA+y2Rfs4bU+cGYNqOPnNMAcayhhW+XJZihSLQXOHcZsFnOa2F9YtMg9VXRWIcnHldHYtisp62Etjlw24bw==}
    engines: {node: '>=20.0.0'}

  '@serialport/parser-regex@13.0.0':
    resolution: {integrity: sha512-m7HpIf56G5XcuDdA3DB34Z0pJiwxNRakThEHjSa4mG05OnWYv0IG8l2oUyYfuGMowQWaVnQ+8r+brlPxGVH+eA==}
    engines: {node: '>=20.0.0'}

  '@serialport/parser-slip-encoder@13.0.0':
    resolution: {integrity: sha512-fUHZEExm6izJ7rg0A1yjXwu4sOzeBkPAjDZPfb+XQoqgtKAk+s+HfICiYn7N2QU9gyaeCO8VKgWwi+b/DowYOg==}
    engines: {node: '>=20.0.0'}

  '@serialport/parser-spacepacket@13.0.0':
    resolution: {integrity: sha512-DoXJ3mFYmyD8X/8931agJvrBPxqTaYDsPoly9/cwQSeh/q4EjQND9ySXBxpWz5WcpyCU4jOuusqCSAPsbB30Eg==}
    engines: {node: '>=20.0.0'}

  '@serialport/stream@13.0.0':
    resolution: {integrity: sha512-F7xLJKsjGo2WuEWMSEO1SimRcOA+WtWICsY13r0ahx8s2SecPQH06338g28OT7cW7uRXI7oEQAk62qh5gHJW3g==}
    engines: {node: '>=20.0.0'}

  debug@4.4.0:
    resolution: {integrity: sha512-6WTZ/IxCY/T6BALoZHaE4ctp9xm+Z5kY/pzYaCHRFeyVhojxlrm+46y68HA6hr0TcwEssoxNiDEUJQjfPZ/RYA==}
    engines: {node: '>=6.0'}
    peerDependencies:
      supports-color: '*'
    peerDependenciesMeta:
      supports-color:
        optional: true

  ms@2.1.3:
    resolution: {integrity: sha512-6FlzubTLZG3J2a/NVCAleEhjzq5oxgHyaCU9yYXvcLsvoVaHJq/s5xXI6/XXP6tz7R9xAOtHnSO/tXtF3WRTlA==}

  node-addon-api@8.3.0:
    resolution: {integrity: sha512-8VOpLHFrOQlAH+qA0ZzuGRlALRA6/LVh8QJldbrC4DY0hXoMP0l4Acq8TzFC018HztWiRqyCEj2aTWY2UvnJUg==}
    engines: {node: ^18 || ^20 || >= 21}

  node-gyp-build@4.8.4:
    resolution: {integrity: sha512-LA4ZjwlnUblHVgq0oBF3Jl/6h/Nvs5fzBLwdEF4nuxnFdsfajde4WfxtJr3CaiH+F6ewcIB/q4jQ4UzPyid+CQ==}
    hasBin: true

  serialport@13.0.0:
    resolution: {integrity: sha512-PHpnTd8isMGPfFTZNCzOZp9m4mAJSNWle9Jxu6BPTcWq7YXl5qN7tp8Sgn0h+WIGcD6JFz5QDgixC2s4VW7vzg==}
    engines: {node: '>=20.0.0'}

snapshots:

  '@serialport/binding-mock@10.2.2':
    dependencies:
      '@serialport/bindings-interface': 1.2.2
      debug: 4.4.0
    transitivePeerDependencies:
      - supports-color

  '@serialport/bindings-cpp@13.0.0':
    dependencies:
      '@serialport/bindings-interface': 1.2.2
      '@serialport/parser-readline': 12.0.0
      debug: 4.4.0
      node-addon-api: 8.3.0
      node-gyp-build: 4.8.4
    transitivePeerDependencies:
      - supports-color

  '@serialport/bindings-interface@1.2.2': {}

  '@serialport/parser-byte-length@13.0.0': {}

  '@serialport/parser-cctalk@13.0.0': {}

  '@serialport/parser-delimiter@12.0.0': {}

  '@serialport/parser-delimiter@13.0.0': {}

  '@serialport/parser-inter-byte-timeout@13.0.0': {}

  '@serialport/parser-packet-length@13.0.0': {}

  '@serialport/parser-readline@12.0.0':
    dependencies:
      '@serialport/parser-delimiter': 12.0.0

  '@serialport/parser-readline@13.0.0':
    dependencies:
      '@serialport/parser-delimiter': 13.0.0

  '@serialport/parser-ready@13.0.0': {}

  '@serialport/parser-regex@13.0.0': {}

  '@serialport/parser-slip-encoder@13.0.0': {}

  '@serialport/parser-spacepacket@13.0.0': {}

  '@serialport/stream@13.0.0':
    dependencies:
      '@serialport/bindings-interface': 1.2.2
      debug: 4.4.0
    transitivePeerDependencies:
      - supports-color

  debug@4.4.0:
    dependencies:
      ms: 2.1.3

  ms@2.1.3: {}

  node-addon-api@8.3.0: {}

  node-gyp-build@4.8.4: {}

  serialport@13.0.0:
    dependencies:
      '@serialport/binding-mock': 10.2.2
      '@serialport/bindings-cpp': 13.0.0
      '@serialport/parser-byte-length': 13.0.0
      '@serialport/parser-cctalk': 13.0.0
      '@serialport/parser-delimiter': 13.0.0
      '@serialport/parser-inter-byte-timeout': 13.0.0
      '@serialport/parser-packet-length': 13.0.0
      '@serialport/parser-readline': 13.0.0
      '@serialport/parser-ready': 13.0.0
      '@serialport/parser-regex': 13.0.0
      '@serialport/parser-slip-encoder': 13.0.0
      '@serialport/parser-spacepacket': 13.0.0
      '@serialport/stream': 13.0.0
      debug: 4.4.0
    transitivePeerDependencies:
      - supports-color
